
Microsoft Visual Studio Solution File, Format Version 12.00
# Visual Studio Version 17
VisualStudioVersion = 17.5.002.0
MinimumVisualStudioVersion = 10.0.40219.1
Project("{9A19103F-16F7-4668-BE54-9A1E7A4F7556}") = "ChessApp", "ChessApp\ChessApp.csproj", "{8F63F3E4-CD04-4970-B309-C35931357F88}"
EndProject
Project("{9A19103F-16F7-4668-BE54-9A1E7A4F7556}") = "ChessApp.Tests", "ChessApp.Tests\ChessApp.Tests.csproj", "{A7D9869D-0087-4A88-B97B-7885B51CD330}"
EndProject
Global
	GlobalSection(SolutionConfigurationPlatforms) = preSolution
		Debug|Any CPU = Debug|Any CPU
		Release|Any CPU = Release|Any CPU
	EndGlobalSection
	GlobalSection(ProjectConfigurationPlatforms) = postSolution
		{8F63F3E4-CD04-4970-B309-C35931357F88}.Debug|Any CPU.ActiveCfg = Debug|Any CPU
		{8F63F3E4-CD04-4970-B309-C35931357F88}.Debug|Any CPU.Build.0 = Debug|Any CPU
		{8F63F3E4-CD04-4970-B309-C35931357F88}.Release|Any CPU.ActiveCfg = Release|Any CPU
		{8F63F3E4-CD04-4970-B309-C35931357F88}.Release|Any CPU.Build.0 = Release|Any CPU
		{A7D9869D-0087-4A88-B97B-7885B51CD330}.Debug|Any CPU.ActiveCfg = Debug|Any CPU
		{A7D9869D-0087-4A88-B97B-7885B51CD330}.Debug|Any CPU.Build.0 = Debug|Any CPU
		{A7D9869D-0087-4A88-B97B-7885B51CD330}.Release|Any CPU.ActiveCfg = Release|Any CPU
		{A7D9869D-0087-4A88-B97B-7885B51CD330}.Release|Any CPU.Build.0 = Release|Any CPU
	EndGlobalSection
	GlobalSection(SolutionProperties) = preSolution
		HideSolutionNode = FALSE
	EndGlobalSection
	GlobalSection(ExtensibilityGlobals) = postSolution
		SolutionGuid = {E79B20EE-868B-4DCC-AA18-B0E3FBA0F91B}
	EndGlobalSection
EndGlobal
